{
  "name": "@ecommerce/monorepo",
  "version": "1.0.0",
  "lockfileVersion": 3,
  "requires": true,
  "packages": {
    "": {
      "name": "@ecommerce/monorepo",
      "version": "1.0.0",
      "license": "UNLICENSED",
      "devDependencies": {
        "eslint": "^8.56.0",
        "prettier": "^3.2.5",
        "turbo": "^1.12.4",
        "typescript": "^5.3.3"
      },
      "workspaces": [
        "apps/*",
        "packages/*"
      ]
    },
    "node_modules/eslint": {
      "version": "8.56.0",
      "resolved": "https://registry.npmjs.org/eslint/-/eslint-8.56.0.tgz",
      "integrity": "sha512-F15fSUOi2aky/4vfgm28Is6ckLWk22wWvST5Zpabq33Jk3g67yB1ARZg08D/m07c5gD5sXfP1C950nTO7k7jg==",
      "dev": true
    },
    "node_modules/prettier": {
      "version": "3.2.5",
      "resolved": "https://registry.npmjs.org/prettier/-/prettier-3.2.5.tgz",
      "integrity": "sha512-LDvQbCUXDgwenyhA86c/J9u25gR4e4gU6zK432g6715fQ5h0215wXwJ5hZ7kC4bSg09k==" ,
      "dev": true
    },
    "node_modules/turbo": {
      "version": "1.12.4",
      "resolved": "https://registry.npmjs.org/turbo/-/turbo-1.12.4.tgz",
      "integrity": "sha512-P177897148==",
      "dev": true
    },
    "node_modules/typescript": {
      "version": "5.3.3",
      "resolved": "https://registry.npmjs.org/typescript/-/typescript-5.3.3.tgz",
      "integrity": "sha512-pXWwky1nQv6rJbJ6QJ5X8g==",
      "dev": true
    }
  }
}
